
Microsoft Visual Studio Solution File, Format Version 12.00
# Visual Studio 15
VisualStudioVersion = 15.0.27428.2015
MinimumVisualStudioVersion = 10.0.40219.1
Project("{FAE04EC0-301F-11D3-BF4B-00C04F79EFBC}") = "RestoGo", "RestoGo\RestoGo.csproj", "{EABA5509-AC42-41C4-BDD0-7A51C3FBDA15}"
EndProject
Global
	GlobalSection(SolutionConfigurationPlatforms) = preSolution
		Debug|Any CPU = Debug|Any CPU
		Release|Any CPU = Release|Any CPU
	EndGlobalSection
	GlobalSection(ProjectConfigurationPlatforms) = postSolution
		{EABA5509-AC42-41C4-BDD0-7A51C3FBDA15}.Debug|Any CPU.ActiveCfg = Debug|Any CPU
		{EABA5509-AC42-41C4-BDD0-7A51C3FBDA15}.Debug|Any CPU.Build.0 = Debug|Any CPU
		{EABA5509-AC42-41C4-BDD0-7A51C3FBDA15}.Release|Any CPU.ActiveCfg = Release|Any CPU
		{EABA5509-AC42-41C4-BDD0-7A51C3FBDA15}.Release|Any CPU.Build.0 = Release|Any CPU
	EndGlobalSection
	GlobalSection(SolutionProperties) = preSolution
		HideSolutionNode = FALSE
	EndGlobalSection
	GlobalSection(ExtensibilityGlobals) = postSolution
		SolutionGuid = {C217175E-D6FE-4AAF-BA59-5F138F9F3A1D}
	EndGlobalSection
EndGlobal
